
Microsoft Visual Studio Solution File, Format Version 12.00
# Visual Studio Version 17
VisualStudioVersion = 17.5.33424.131
MinimumVisualStudioVersion = 10.0.40219.1
Project("{FAE04EC0-301F-11D3-BF4B-00C04F79EFBC}") = "BackgroundServiceApplication", "BackgroundServiceApplication\BackgroundServiceApplication.csproj", "{2ACD7F74-9836-425F-8187-DBB74520B706}"
EndProject
Global
	GlobalSection(SolutionConfigurationPlatforms) = preSolution
		Debug|Any CPU = Debug|Any CPU
		Release|Any CPU = Release|Any CPU
	EndGlobalSection
	GlobalSection(ProjectConfigurationPlatforms) = postSolution
		{2ACD7F74-9836-425F-8187-DBB74520B706}.Debug|Any CPU.ActiveCfg = Debug|Any CPU
		{2ACD7F74-9836-425F-8187-DBB74520B706}.Debug|Any CPU.Build.0 = Debug|Any CPU
		{2ACD7F74-9836-425F-8187-DBB74520B706}.Release|Any CPU.ActiveCfg = Release|Any CPU
		{2ACD7F74-9836-425F-8187-DBB74520B706}.Release|Any CPU.Build.0 = Release|Any CPU
	EndGlobalSection
	GlobalSection(SolutionProperties) = preSolution
		HideSolutionNode = FALSE
	EndGlobalSection
	GlobalSection(ExtensibilityGlobals) = postSolution
		SolutionGuid = {C11194BE-DA11-46CA-A5B4-B289874422DA}
	EndGlobalSection
EndGlobal
